// !$*UTF8*$!
{
	archiveVersion = 1;
	classes = {
	};
	objectVersion = 51;
	objects = {

/* Begin PBXBuildFile section */
		5782A497239B858400B1EB20 /* AppDelegate.swift in Sources */ = {isa = PBXBuildFile; fileRef = 5782A496239B858400B1EB20 /* AppDelegate.swift */; };
		5782A49B239B858400B1EB20 /* ViewController.swift in Sources */ = {isa = PBXBuildFile; fileRef = 5782A49A239B858400B1EB20 /* ViewController.swift */; };
		5782A4A0239B858600B1EB20 /* Assets.xcassets in Resources */ = {isa = PBXBuildFile; fileRef = 5782A49F239B858600B1EB20 /* Assets.xcassets */; };
		5782A4A3239B858600B1EB20 /* LaunchScreen.storyboard in Resources */ = {isa = PBXBuildFile; fileRef = 5782A4A1239B858600B1EB20 /* LaunchScreen.storyboard */; };
		5782A4AE239B858600B1EB20 /* KODETests.swift in Sources */ = {isa = PBXBuildFile; fileRef = 5782A4AD239B858600B1EB20 /* KODETests.swift */; };
		5782A4BF239B871400B1EB20 /* Recipe.swift in Sources */ = {isa = PBXBuildFile; fileRef = 5782A4BE239B871400B1EB20 /* Recipe.swift */; };
		5782A4C2239B88A900B1EB20 /* RecipeListController.swift in Sources */ = {isa = PBXBuildFile; fileRef = 5782A4C0239B88A900B1EB20 /* RecipeListController.swift */; };
		5782A4C3239B88A900B1EB20 /* RecipeListController.xib in Resources */ = {isa = PBXBuildFile; fileRef = 5782A4C1239B88A900B1EB20 /* RecipeListController.xib */; };
		5782A4C6239B88F000B1EB20 /* BaseController.swift in Sources */ = {isa = PBXBuildFile; fileRef = 5782A4C5239B88F000B1EB20 /* BaseController.swift */; };
		5782A4CB239B8B6B00B1EB20 /* RecipeService.swift in Sources */ = {isa = PBXBuildFile; fileRef = 5782A4CA239B8B6B00B1EB20 /* RecipeService.swift */; };
		5782A4CD239B8B9900B1EB20 /* RecipeAPIService.swift in Sources */ = {isa = PBXBuildFile; fileRef = 5782A4CC239B8B9900B1EB20 /* RecipeAPIService.swift */; };
		5782A4D0239B8D4400B1EB20 /* RecipeError.swift in Sources */ = {isa = PBXBuildFile; fileRef = 5782A4CF239B8D4400B1EB20 /* RecipeError.swift */; };
		5782A4D3239B942800B1EB20 /* RecipeListPresenter.swift in Sources */ = {isa = PBXBuildFile; fileRef = 5782A4D2239B942800B1EB20 /* RecipeListPresenter.swift */; };
		5782A4D7239BAF0300B1EB20 /* RecipeCell.swift in Sources */ = {isa = PBXBuildFile; fileRef = 5782A4D5239BAF0300B1EB20 /* RecipeCell.swift */; };
		5782A4D8239BAF0300B1EB20 /* RecipeCell.xib in Resources */ = {isa = PBXBuildFile; fileRef = 5782A4D6239BAF0300B1EB20 /* RecipeCell.xib */; };
		5782A4DC239BAF8400B1EB20 /* RecipeCellModel.swift in Sources */ = {isa = PBXBuildFile; fileRef = 5782A4DB239BAF8400B1EB20 /* RecipeCellModel.swift */; };
		5782A4E0239BB92400B1EB20 /* ConcurrentDownloader.swift in Sources */ = {isa = PBXBuildFile; fileRef = 5782A4DF239BB92400B1EB20 /* ConcurrentDownloader.swift */; };
		5782A4E2239BB98700B1EB20 /* DownloaderError.swift in Sources */ = {isa = PBXBuildFile; fileRef = 5782A4E1239BB98700B1EB20 /* DownloaderError.swift */; };
		5782A4E4239BB9C300B1EB20 /* GCDDownloader.swift in Sources */ = {isa = PBXBuildFile; fileRef = 5782A4E3239BB9C300B1EB20 /* GCDDownloader.swift */; };
		5782A4E7239BD96F00B1EB20 /* UITableViewCell+Dequeue.swift in Sources */ = {isa = PBXBuildFile; fileRef = 5782A4E6239BD96F00B1EB20 /* UITableViewCell+Dequeue.swift */; };
		57ECEC79239C064E00D91EFE /* UIViewController+Alert.swift in Sources */ = {isa = PBXBuildFile; fileRef = 57ECEC78239C064E00D91EFE /* UIViewController+Alert.swift */; };
		57ECEC7D239C1FB800D91EFE /* DetailRecipeController.swift in Sources */ = {isa = PBXBuildFile; fileRef = 57ECEC7B239C1FB800D91EFE /* DetailRecipeController.swift */; };
		57ECEC7E239C1FB800D91EFE /* DetailRecipeController.xib in Resources */ = {isa = PBXBuildFile; fileRef = 57ECEC7C239C1FB800D91EFE /* DetailRecipeController.xib */; };
		57ECEC81239C293600D91EFE /* DetailRecipePresenter.swift in Sources */ = {isa = PBXBuildFile; fileRef = 57ECEC80239C293600D91EFE /* DetailRecipePresenter.swift */; };
		68D787797BD348A2DB87E064 /* Pods_KODETests.framework in Frameworks */ = {isa = PBXBuildFile; fileRef = 893CB4BB9050E38966D876B9 /* Pods_KODETests.framework */; };
		ECB677DFC5C72A8920050DC3 /* Pods_KODE.framework in Frameworks */ = {isa = PBXBuildFile; fileRef = BAEFF37733DB58BA887EDC6E /* Pods_KODE.framework */; };
/* End PBXBuildFile section */

/* Begin PBXContainerItemProxy section */
		5782A4AA239B858600B1EB20 /* PBXContainerItemProxy */ = {
			isa = PBXContainerItemProxy;
			containerPortal = 5782A48B239B858300B1EB20 /* Project object */;
			proxyType = 1;
			remoteGlobalIDString = 5782A492239B858300B1EB20;
			remoteInfo = KODE;
		};
/* End PBXContainerItemProxy section */

/* Begin PBXFileReference section */
		3E33BFE4F4B0E243A56BB6FE /* Pods-KODETests.release.xcconfig */ = {isa = PBXFileReference; includeInIndex = 1; lastKnownFileType = text.xcconfig; name = "Pods-KODETests.release.xcconfig"; path = "Target Support Files/Pods-KODETests/Pods-KODETests.release.xcconfig"; sourceTree = "<group>"; };
		5782A493239B858300B1EB20 /* KODE.app */ = {isa = PBXFileReference; explicitFileType = wrapper.application; includeInIndex = 0; path = KODE.app; sourceTree = BUILT_PRODUCTS_DIR; };
		5782A496239B858400B1EB20 /* AppDelegate.swift */ = {isa = PBXFileReference; lastKnownFileType = sourcecode.swift; path = AppDelegate.swift; sourceTree = "<group>"; };
		5782A49A239B858400B1EB20 /* ViewController.swift */ = {isa = PBXFileReference; lastKnownFileType = sourcecode.swift; path = ViewController.swift; sourceTree = "<group>"; };
		5782A49F239B858600B1EB20 /* Assets.xcassets */ = {isa = PBXFileReference; lastKnownFileType = folder.assetcatalog; path = Assets.xcassets; sourceTree = "<group>"; };
		5782A4A2239B858600B1EB20 /* Base */ = {isa = PBXFileReference; lastKnownFileType = file.storyboard; name = Base; path = Base.lproj/LaunchScreen.storyboard; sourceTree = "<group>"; };
		5782A4A4239B858600B1EB20 /* Info.plist */ = {isa = PBXFileReference; lastKnownFileType = text.plist.xml; path = Info.plist; sourceTree = "<group>"; };
		5782A4A9239B858600B1EB20 /* KODETests.xctest */ = {isa = PBXFileReference; explicitFileType = wrapper.cfbundle; includeInIndex = 0; path = KODETests.xctest; sourceTree = BUILT_PRODUCTS_DIR; };
		5782A4AD239B858600B1EB20 /* KODETests.swift */ = {isa = PBXFileReference; lastKnownFileType = sourcecode.swift; path = KODETests.swift; sourceTree = "<group>"; };
		5782A4AF239B858600B1EB20 /* Info.plist */ = {isa = PBXFileReference; lastKnownFileType = text.plist.xml; path = Info.plist; sourceTree = "<group>"; };
		5782A4BE239B871400B1EB20 /* Recipe.swift */ = {isa = PBXFileReference; lastKnownFileType = sourcecode.swift; path = Recipe.swift; sourceTree = "<group>"; };
		5782A4C0239B88A900B1EB20 /* RecipeListController.swift */ = {isa = PBXFileReference; lastKnownFileType = sourcecode.swift; path = RecipeListController.swift; sourceTree = "<group>"; };
		5782A4C1239B88A900B1EB20 /* RecipeListController.xib */ = {isa = PBXFileReference; lastKnownFileType = file.xib; path = RecipeListController.xib; sourceTree = "<group>"; };
		5782A4C5239B88F000B1EB20 /* BaseController.swift */ = {isa = PBXFileReference; lastKnownFileType = sourcecode.swift; path = BaseController.swift; sourceTree = "<group>"; };
		5782A4CA239B8B6B00B1EB20 /* RecipeService.swift */ = {isa = PBXFileReference; lastKnownFileType = sourcecode.swift; path = RecipeService.swift; sourceTree = "<group>"; };
		5782A4CC239B8B9900B1EB20 /* RecipeAPIService.swift */ = {isa = PBXFileReference; lastKnownFileType = sourcecode.swift; path = RecipeAPIService.swift; sourceTree = "<group>"; };
		5782A4CF239B8D4400B1EB20 /* RecipeError.swift */ = {isa = PBXFileReference; lastKnownFileType = sourcecode.swift; path = RecipeError.swift; sourceTree = "<group>"; };
		5782A4D2239B942800B1EB20 /* RecipeListPresenter.swift */ = {isa = PBXFileReference; lastKnownFileType = sourcecode.swift; path = RecipeListPresenter.swift; sourceTree = "<group>"; };
		5782A4D5239BAF0300B1EB20 /* RecipeCell.swift */ = {isa = PBXFileReference; lastKnownFileType = sourcecode.swift; path = RecipeCell.swift; sourceTree = "<group>"; };
		5782A4D6239BAF0300B1EB20 /* RecipeCell.xib */ = {isa = PBXFileReference; lastKnownFileType = file.xib; path = RecipeCell.xib; sourceTree = "<group>"; };
		5782A4DB239BAF8400B1EB20 /* RecipeCellModel.swift */ = {isa = PBXFileReference; lastKnownFileType = sourcecode.swift; path = RecipeCellModel.swift; sourceTree = "<group>"; };
		5782A4DF239BB92400B1EB20 /* ConcurrentDownloader.swift */ = {isa = PBXFileReference; lastKnownFileType = sourcecode.swift; path = ConcurrentDownloader.swift; sourceTree = "<group>"; };
		5782A4E1239BB98700B1EB20 /* DownloaderError.swift */ = {isa = PBXFileReference; lastKnownFileType = sourcecode.swift; path = DownloaderError.swift; sourceTree = "<group>"; };
		5782A4E3239BB9C300B1EB20 /* GCDDownloader.swift */ = {isa = PBXFileReference; lastKnownFileType = sourcecode.swift; path = GCDDownloader.swift; sourceTree = "<group>"; };
		5782A4E6239BD96F00B1EB20 /* UITableViewCell+Dequeue.swift */ = {isa = PBXFileReference; lastKnownFileType = sourcecode.swift; path = "UITableViewCell+Dequeue.swift"; sourceTree = "<group>"; };
		57ECEC78239C064E00D91EFE /* UIViewController+Alert.swift */ = {isa = PBXFileReference; lastKnownFileType = sourcecode.swift; path = "UIViewController+Alert.swift"; sourceTree = "<group>"; };
		57ECEC7B239C1FB800D91EFE /* DetailRecipeController.swift */ = {isa = PBXFileReference; lastKnownFileType = sourcecode.swift; path = DetailRecipeController.swift; sourceTree = "<group>"; };
		57ECEC7C239C1FB800D91EFE /* DetailRecipeController.xib */ = {isa = PBXFileReference; lastKnownFileType = file.xib; path = DetailRecipeController.xib; sourceTree = "<group>"; };
		57ECEC80239C293600D91EFE /* DetailRecipePresenter.swift */ = {isa = PBXFileReference; lastKnownFileType = sourcecode.swift; path = DetailRecipePresenter.swift; sourceTree = "<group>"; };
		5F8383DE7CFE93E354947AAE /* Pods-KODE.release.xcconfig */ = {isa = PBXFileReference; includeInIndex = 1; lastKnownFileType = text.xcconfig; name = "Pods-KODE.release.xcconfig"; path = "Target Support Files/Pods-KODE/Pods-KODE.release.xcconfig"; sourceTree = "<group>"; };
		81089B147DDDCE121D83392B /* Pods-KODE.debug.xcconfig */ = {isa = PBXFileReference; includeInIndex = 1; lastKnownFileType = text.xcconfig; name = "Pods-KODE.debug.xcconfig"; path = "Target Support Files/Pods-KODE/Pods-KODE.debug.xcconfig"; sourceTree = "<group>"; };
		893CB4BB9050E38966D876B9 /* Pods_KODETests.framework */ = {isa = PBXFileReference; explicitFileType = wrapper.framework; includeInIndex = 0; path = Pods_KODETests.framework; sourceTree = BUILT_PRODUCTS_DIR; };
		BAEFF37733DB58BA887EDC6E /* Pods_KODE.framework */ = {isa = PBXFileReference; explicitFileType = wrapper.framework; includeInIndex = 0; path = Pods_KODE.framework; sourceTree = BUILT_PRODUCTS_DIR; };
		D002122C6C5F1C39D1575446 /* Pods-KODETests.debug.xcconfig */ = {isa = PBXFileReference; includeInIndex = 1; lastKnownFileType = text.xcconfig; name = "Pods-KODETests.debug.xcconfig"; path = "Target Support Files/Pods-KODETests/Pods-KODETests.debug.xcconfig"; sourceTree = "<group>"; };
/* End PBXFileReference section */

/* Begin PBXFrameworksBuildPhase section */
		5782A490239B858300B1EB20 /* Frameworks */ = {
			isa = PBXFrameworksBuildPhase;
			buildActionMask = 2147483647;
			files = (
				ECB677DFC5C72A8920050DC3 /* Pods_KODE.framework in Frameworks */,
			);
			runOnlyForDeploymentPostprocessing = 0;
		};
		5782A4A6239B858600B1EB20 /* Frameworks */ = {
			isa = PBXFrameworksBuildPhase;
			buildActionMask = 2147483647;
			files = (
				68D787797BD348A2DB87E064 /* Pods_KODETests.framework in Frameworks */,
			);
			runOnlyForDeploymentPostprocessing = 0;
		};
/* End PBXFrameworksBuildPhase section */

/* Begin PBXGroup section */
		53841F98AF421D2FEA751464 /* Pods */ = {
			isa = PBXGroup;
			children = (
				81089B147DDDCE121D83392B /* Pods-KODE.debug.xcconfig */,
				5F8383DE7CFE93E354947AAE /* Pods-KODE.release.xcconfig */,
				D002122C6C5F1C39D1575446 /* Pods-KODETests.debug.xcconfig */,
				3E33BFE4F4B0E243A56BB6FE /* Pods-KODETests.release.xcconfig */,
			);
			path = Pods;
			sourceTree = "<group>";
		};
		5782A48A239B858300B1EB20 = {
			isa = PBXGroup;
			children = (
				5782A495239B858400B1EB20 /* KODE */,
				5782A4AC239B858600B1EB20 /* KODETests */,
				5782A494239B858300B1EB20 /* Products */,
				53841F98AF421D2FEA751464 /* Pods */,
				7C956F32708623E2161BEDB7 /* Frameworks */,
			);
			sourceTree = "<group>";
		};
		5782A494239B858300B1EB20 /* Products */ = {
			isa = PBXGroup;
			children = (
				5782A493239B858300B1EB20 /* KODE.app */,
				5782A4A9239B858600B1EB20 /* KODETests.xctest */,
			);
			name = Products;
			sourceTree = "<group>";
		};
		5782A495239B858400B1EB20 /* KODE */ = {
			isa = PBXGroup;
			children = (
				5782A4C7239B8AF400B1EB20 /* Services */,
				5782A4BC239B868D00B1EB20 /* Base */,
				5782A4BB239B867D00B1EB20 /* Resource */,
				5782A4BA239B867500B1EB20 /* Utils */,
				5782A4B9239B866700B1EB20 /* Controllers */,
				5782A4B8239B864100B1EB20 /* Models */,
				5782A496239B858400B1EB20 /* AppDelegate.swift */,
				5782A49A239B858400B1EB20 /* ViewController.swift */,
			);
			path = KODE;
			sourceTree = "<group>";
		};
		5782A4AC239B858600B1EB20 /* KODETests */ = {
			isa = PBXGroup;
			children = (
				5782A4AD239B858600B1EB20 /* KODETests.swift */,
				5782A4AF239B858600B1EB20 /* Info.plist */,
			);
			path = KODETests;
			sourceTree = "<group>";
		};
		5782A4B8239B864100B1EB20 /* Models */ = {
			isa = PBXGroup;
			children = (
				5782A4BE239B871400B1EB20 /* Recipe.swift */,
			);
			path = Models;
			sourceTree = "<group>";
		};
		5782A4B9239B866700B1EB20 /* Controllers */ = {
			isa = PBXGroup;
			children = (
				57ECEC7A239C1F9B00D91EFE /* DetailRecipeController */,
				5782A4C4239B88C100B1EB20 /* BaseController */,
				5782A4BD239B86FB00B1EB20 /* RecipeListController */,
			);
			path = Controllers;
			sourceTree = "<group>";
		};
		5782A4BA239B867500B1EB20 /* Utils */ = {
			isa = PBXGroup;
			children = (
				5782A4E5239BD95200B1EB20 /* Extensions */,
				5782A4CE239B8D2A00B1EB20 /* Errors */,
			);
			path = Utils;
			sourceTree = "<group>";
		};
		5782A4BB239B867D00B1EB20 /* Resource */ = {
			isa = PBXGroup;
			children = (
				5782A49F239B858600B1EB20 /* Assets.xcassets */,
			);
			path = Resource;
			sourceTree = "<group>";
		};
		5782A4BC239B868D00B1EB20 /* Base */ = {
			isa = PBXGroup;
			children = (
				5782A4A4239B858600B1EB20 /* Info.plist */,
				5782A4A1239B858600B1EB20 /* LaunchScreen.storyboard */,
			);
			path = Base;
			sourceTree = "<group>";
		};
		5782A4BD239B86FB00B1EB20 /* RecipeListController */ = {
			isa = PBXGroup;
			children = (
				5782A4D4239BAEE700B1EB20 /* Cells */,
				5782A4D1239B941200B1EB20 /* Presenter */,
				5782A4C0239B88A900B1EB20 /* RecipeListController.swift */,
				5782A4C1239B88A900B1EB20 /* RecipeListController.xib */,
			);
			path = RecipeListController;
			sourceTree = "<group>";
		};
		5782A4C4239B88C100B1EB20 /* BaseController */ = {
			isa = PBXGroup;
			children = (
				5782A4C5239B88F000B1EB20 /* BaseController.swift */,
			);
			path = BaseController;
			sourceTree = "<group>";
		};
		5782A4C7239B8AF400B1EB20 /* Services */ = {
			isa = PBXGroup;
			children = (
				5782A4DD239BB90600B1EB20 /* ConcurrentDownloader */,
				5782A4C8239B8B2700B1EB20 /* Recipes */,
			);
			path = Services;
			sourceTree = "<group>";
		};
		5782A4C8239B8B2700B1EB20 /* Recipes */ = {
			isa = PBXGroup;
			children = (
				5782A4C9239B8B5300B1EB20 /* Impl */,
				5782A4CA239B8B6B00B1EB20 /* RecipeService.swift */,
			);
			path = Recipes;
			sourceTree = "<group>";
		};
		5782A4C9239B8B5300B1EB20 /* Impl */ = {
			isa = PBXGroup;
			children = (
				5782A4CC239B8B9900B1EB20 /* RecipeAPIService.swift */,
			);
			path = Impl;
			sourceTree = "<group>";
		};
		5782A4CE239B8D2A00B1EB20 /* Errors */ = {
			isa = PBXGroup;
			children = (
				5782A4CF239B8D4400B1EB20 /* RecipeError.swift */,
				5782A4E1239BB98700B1EB20 /* DownloaderError.swift */,
			);
			path = Errors;
			sourceTree = "<group>";
		};
		5782A4D1239B941200B1EB20 /* Presenter */ = {
			isa = PBXGroup;
			children = (
				5782A4D2239B942800B1EB20 /* RecipeListPresenter.swift */,
			);
			path = Presenter;
			sourceTree = "<group>";
		};
		5782A4D4239BAEE700B1EB20 /* Cells */ = {
			isa = PBXGroup;
			children = (
				5782A4D9239BAF6900B1EB20 /* RecipeCell */,
			);
			path = Cells;
			sourceTree = "<group>";
		};
		5782A4D9239BAF6900B1EB20 /* RecipeCell */ = {
			isa = PBXGroup;
			children = (
				5782A4DA239BAF7600B1EB20 /* Model */,
				5782A4D5239BAF0300B1EB20 /* RecipeCell.swift */,
				5782A4D6239BAF0300B1EB20 /* RecipeCell.xib */,
			);
			path = RecipeCell;
			sourceTree = "<group>";
		};
		5782A4DA239BAF7600B1EB20 /* Model */ = {
			isa = PBXGroup;
			children = (
				5782A4DB239BAF8400B1EB20 /* RecipeCellModel.swift */,
			);
			path = Model;
			sourceTree = "<group>";
		};
		5782A4DD239BB90600B1EB20 /* ConcurrentDownloader */ = {
			isa = PBXGroup;
			children = (
				5782A4DE239BB91200B1EB20 /* Impl */,
				5782A4DF239BB92400B1EB20 /* ConcurrentDownloader.swift */,
			);
			path = ConcurrentDownloader;
			sourceTree = "<group>";
		};
		5782A4DE239BB91200B1EB20 /* Impl */ = {
			isa = PBXGroup;
			children = (
				5782A4E3239BB9C300B1EB20 /* GCDDownloader.swift */,
			);
			path = Impl;
			sourceTree = "<group>";
		};
		5782A4E5239BD95200B1EB20 /* Extensions */ = {
			isa = PBXGroup;
			children = (
				5782A4E6239BD96F00B1EB20 /* UITableViewCell+Dequeue.swift */,
				57ECEC78239C064E00D91EFE /* UIViewController+Alert.swift */,
			);
			path = Extensions;
			sourceTree = "<group>";
		};
		57ECEC7A239C1F9B00D91EFE /* DetailRecipeController */ = {
			isa = PBXGroup;
			children = (
				57ECEC7F239C1FBB00D91EFE /* Presenter */,
				57ECEC7B239C1FB800D91EFE /* DetailRecipeController.swift */,
				57ECEC7C239C1FB800D91EFE /* DetailRecipeController.xib */,
			);
			path = DetailRecipeController;
			sourceTree = "<group>";
		};
		57ECEC7F239C1FBB00D91EFE /* Presenter */ = {
			isa = PBXGroup;
			children = (
				57ECEC80239C293600D91EFE /* DetailRecipePresenter.swift */,
			);
			path = Presenter;
			sourceTree = "<group>";
		};
		7C956F32708623E2161BEDB7 /* Frameworks */ = {
			isa = PBXGroup;
			children = (
				BAEFF37733DB58BA887EDC6E /* Pods_KODE.framework */,
				893CB4BB9050E38966D876B9 /* Pods_KODETests.framework */,
			);
			name = Frameworks;
			sourceTree = "<group>";
		};
/* End PBXGroup section */

/* Begin PBXNativeTarget section */
		5782A492239B858300B1EB20 /* KODE */ = {
			isa = PBXNativeTarget;
			buildConfigurationList = 5782A4B2239B858600B1EB20 /* Build configuration list for PBXNativeTarget "KODE" */;
			buildPhases = (
				8BD01D218AA8668AA2BDFB3B /* [CP] Check Pods Manifest.lock */,
				5782A48F239B858300B1EB20 /* Sources */,
				5782A490239B858300B1EB20 /* Frameworks */,
				5782A491239B858300B1EB20 /* Resources */,
				B8BF17066155114B29617065 /* [CP] Embed Pods Frameworks */,
			);
			buildRules = (
			);
			dependencies = (
			);
			name = KODE;
			productName = KODE;
			productReference = 5782A493239B858300B1EB20 /* KODE.app */;
			productType = "com.apple.product-type.application";
		};
		5782A4A8239B858600B1EB20 /* KODETests */ = {
			isa = PBXNativeTarget;
			buildConfigurationList = 5782A4B5239B858600B1EB20 /* Build configuration list for PBXNativeTarget "KODETests" */;
			buildPhases = (
				CE8A65B51B46DC56AE0C2179 /* [CP] Check Pods Manifest.lock */,
				5782A4A5239B858600B1EB20 /* Sources */,
				5782A4A6239B858600B1EB20 /* Frameworks */,
				5782A4A7239B858600B1EB20 /* Resources */,
			);
			buildRules = (
			);
			dependencies = (
				5782A4AB239B858600B1EB20 /* PBXTargetDependency */,
			);
			name = KODETests;
			productName = KODETests;
			productReference = 5782A4A9239B858600B1EB20 /* KODETests.xctest */;
			productType = "com.apple.product-type.bundle.unit-test";
		};
/* End PBXNativeTarget section */

/* Begin PBXProject section */
		5782A48B239B858300B1EB20 /* Project object */ = {
			isa = PBXProject;
			attributes = {
				LastSwiftUpdateCheck = 1110;
				LastUpgradeCheck = 1110;
				ORGANIZATIONNAME = Victor;
				TargetAttributes = {
					5782A492239B858300B1EB20 = {
						CreatedOnToolsVersion = 11.1;
					};
					5782A4A8239B858600B1EB20 = {
						CreatedOnToolsVersion = 11.1;
						TestTargetID = 5782A492239B858300B1EB20;
					};
				};
			};
			buildConfigurationList = 5782A48E239B858300B1EB20 /* Build configuration list for PBXProject "KODE" */;
			compatibilityVersion = "Xcode 9.3";
			developmentRegion = en;
			hasScannedForEncodings = 0;
			knownRegions = (
				en,
				Base,
			);
			mainGroup = 5782A48A239B858300B1EB20;
			productRefGroup = 5782A494239B858300B1EB20 /* Products */;
			projectDirPath = "";
			projectRoot = "";
			targets = (
				5782A492239B858300B1EB20 /* KODE */,
				5782A4A8239B858600B1EB20 /* KODETests */,
			);
		};
/* End PBXProject section */

/* Begin PBXResourcesBuildPhase section */
		5782A491239B858300B1EB20 /* Resources */ = {
			isa = PBXResourcesBuildPhase;
			buildActionMask = 2147483647;
			files = (
				5782A4A3239B858600B1EB20 /* LaunchScreen.storyboard in Resources */,
				57ECEC7E239C1FB800D91EFE /* DetailRecipeController.xib in Resources */,
				5782A4A0239B858600B1EB20 /* Assets.xcassets in Resources */,
				5782A4C3239B88A900B1EB20 /* RecipeListController.xib in Resources */,
				5782A4D8239BAF0300B1EB20 /* RecipeCell.xib in Resources */,
			);
			runOnlyForDeploymentPostprocessing = 0;
		};
		5782A4A7239B858600B1EB20 /* Resources */ = {
			isa = PBXResourcesBuildPhase;
			buildActionMask = 2147483647;
			files = (
			);
			runOnlyForDeploymentPostprocessing = 0;
		};
/* End PBXResourcesBuildPhase section */

/* Begin PBXShellScriptBuildPhase section */
		8BD01D218AA8668AA2BDFB3B /* [CP] Check Pods Manifest.lock */ = {
			isa = PBXShellScriptBuildPhase;
			buildActionMask = 2147483647;
			files = (
			);
			inputFileListPaths = (
			);
			inputPaths = (
				"${PODS_PODFILE_DIR_PATH}/Podfile.lock",
				"${PODS_ROOT}/Manifest.lock",
			);
			name = "[CP] Check Pods Manifest.lock";
			outputFileListPaths = (
			);
			outputPaths = (
				"$(DERIVED_FILE_DIR)/Pods-KODE-checkManifestLockResult.txt",
			);
			runOnlyForDeploymentPostprocessing = 0;
			shellPath = /bin/sh;
			shellScript = "diff \"${PODS_PODFILE_DIR_PATH}/Podfile.lock\" \"${PODS_ROOT}/Manifest.lock\" > /dev/null\nif [ $? != 0 ] ; then\n    # print error to STDERR\n    echo \"error: The sandbox is not in sync with the Podfile.lock. Run 'pod install' or update your CocoaPods installation.\" >&2\n    exit 1\nfi\n# This output is used by Xcode 'outputs' to avoid re-running this script phase.\necho \"SUCCESS\" > \"${SCRIPT_OUTPUT_FILE_0}\"\n";
			showEnvVarsInLog = 0;
		};
		B8BF17066155114B29617065 /* [CP] Embed Pods Frameworks */ = {
			isa = PBXShellScriptBuildPhase;
			buildActionMask = 2147483647;
			files = (
			);
			inputFileListPaths = (
				"${PODS_ROOT}/Target Support Files/Pods-KODE/Pods-KODE-frameworks-${CONFIGURATION}-input-files.xcfilelist",
			);
			name = "[CP] Embed Pods Frameworks";
			outputFileListPaths = (
				"${PODS_ROOT}/Target Support Files/Pods-KODE/Pods-KODE-frameworks-${CONFIGURATION}-output-files.xcfilelist",
			);
			runOnlyForDeploymentPostprocessing = 0;
			shellPath = /bin/sh;
			shellScript = "\"${PODS_ROOT}/Target Support Files/Pods-KODE/Pods-KODE-frameworks.sh\"\n";
			showEnvVarsInLog = 0;
		};
		CE8A65B51B46DC56AE0C2179 /* [CP] Check Pods Manifest.lock */ = {
			isa = PBXShellScriptBuildPhase;
			buildActionMask = 2147483647;
			files = (
			);
			inputFileListPaths = (
			);
			inputPaths = (
				"${PODS_PODFILE_DIR_PATH}/Podfile.lock",
				"${PODS_ROOT}/Manifest.lock",
			);
			name = "[CP] Check Pods Manifest.lock";
			outputFileListPaths = (
			);
			outputPaths = (
				"$(DERIVED_FILE_DIR)/Pods-KODETests-checkManifestLockResult.txt",
			);
			runOnlyForDeploymentPostprocessing = 0;
			shellPath = /bin/sh;
			shellScript = "diff \"${PODS_PODFILE_DIR_PATH}/Podfile.lock\" \"${PODS_ROOT}/Manifest.lock\" > /dev/null\nif [ $? != 0 ] ; then\n    # print error to STDERR\n    echo \"error: The sandbox is not in sync with the Podfile.lock. Run 'pod install' or update your CocoaPods installation.\" >&2\n    exit 1\nfi\n# This output is used by Xcode 'outputs' to avoid re-running this script phase.\necho \"SUCCESS\" > \"${SCRIPT_OUTPUT_FILE_0}\"\n";
			showEnvVarsInLog = 0;
		};
/* End PBXShellScriptBuildPhase section */

/* Begin PBXSourcesBuildPhase section */
		5782A48F239B858300B1EB20 /* Sources */ = {
			isa = PBXSourcesBuildPhase;
			buildActionMask = 2147483647;
			files = (
				5782A4BF239B871400B1EB20 /* Recipe.swift in Sources */,
				5782A4D0239B8D4400B1EB20 /* RecipeError.swift in Sources */,
				57ECEC7D239C1FB800D91EFE /* DetailRecipeController.swift in Sources */,
				5782A4CB239B8B6B00B1EB20 /* RecipeService.swift in Sources */,
				5782A4E0239BB92400B1EB20 /* ConcurrentDownloader.swift in Sources */,
				57ECEC81239C293600D91EFE /* DetailRecipePresenter.swift in Sources */,
				5782A4E7239BD96F00B1EB20 /* UITableViewCell+Dequeue.swift in Sources */,
				5782A4C2239B88A900B1EB20 /* RecipeListController.swift in Sources */,
				5782A4C6239B88F000B1EB20 /* BaseController.swift in Sources */,
				57ECEC79239C064E00D91EFE /* UIViewController+Alert.swift in Sources */,
				5782A4D7239BAF0300B1EB20 /* RecipeCell.swift in Sources */,
				5782A4D3239B942800B1EB20 /* RecipeListPresenter.swift in Sources */,
				5782A49B239B858400B1EB20 /* ViewController.swift in Sources */,
				5782A4E4239BB9C300B1EB20 /* GCDDownloader.swift in Sources */,
				5782A497239B858400B1EB20 /* AppDelegate.swift in Sources */,
				5782A4E2239BB98700B1EB20 /* DownloaderError.swift in Sources */,
				5782A4CD239B8B9900B1EB20 /* RecipeAPIService.swift in Sources */,
				5782A4DC239BAF8400B1EB20 /* RecipeCellModel.swift in Sources */,
			);
			runOnlyForDeploymentPostprocessing = 0;
		};
		5782A4A5239B858600B1EB20 /* Sources */ = {
			isa = PBXSourcesBuildPhase;
			buildActionMask = 2147483647;
			files = (
				5782A4AE239B858600B1EB20 /* KODETests.swift in Sources */,
			);
			runOnlyForDeploymentPostprocessing = 0;
		};
/* End PBXSourcesBuildPhase section */

/* Begin PBXTargetDependency section */
		5782A4AB239B858600B1EB20 /* PBXTargetDependency */ = {
			isa = PBXTargetDependency;
			target = 5782A492239B858300B1EB20 /* KODE */;
			targetProxy = 5782A4AA239B858600B1EB20 /* PBXContainerItemProxy */;
		};
/* End PBXTargetDependency section */

/* Begin PBXVariantGroup section */
		5782A4A1239B858600B1EB20 /* LaunchScreen.storyboard */ = {
			isa = PBXVariantGroup;
			children = (
				5782A4A2239B858600B1EB20 /* Base */,
			);
			name = LaunchScreen.storyboard;
			sourceTree = "<group>";
		};
/* End PBXVariantGroup section */

/* Begin XCBuildConfiguration section */
		5782A4B0239B858600B1EB20 /* Debug */ = {
			isa = XCBuildConfiguration;
			buildSettings = {
				ALWAYS_SEARCH_USER_PATHS = NO;
				CLANG_ANALYZER_NONNULL = YES;
				CLANG_ANALYZER_NUMBER_OBJECT_CONVERSION = YES_AGGRESSIVE;
				CLANG_CXX_LANGUAGE_STANDARD = "gnu++14";
				CLANG_CXX_LIBRARY = "libc++";
				CLANG_ENABLE_MODULES = YES;
				CLANG_ENABLE_OBJC_ARC = YES;
				CLANG_ENABLE_OBJC_WEAK = YES;
				CLANG_WARN_BLOCK_CAPTURE_AUTORELEASING = YES;
				CLANG_WARN_BOOL_CONVERSION = YES;
				CLANG_WARN_COMMA = YES;
				CLANG_WARN_CONSTANT_CONVERSION = YES;
				CLANG_WARN_DEPRECATED_OBJC_IMPLEMENTATIONS = YES;
				CLANG_WARN_DIRECT_OBJC_ISA_USAGE = YES_ERROR;
				CLANG_WARN_DOCUMENTATION_COMMENTS = YES;
				CLANG_WARN_EMPTY_BODY = YES;
				CLANG_WARN_ENUM_CONVERSION = YES;
				CLANG_WARN_INFINITE_RECURSION = YES;
				CLANG_WARN_INT_CONVERSION = YES;
				CLANG_WARN_NON_LITERAL_NULL_CONVERSION = YES;
				CLANG_WARN_OBJC_IMPLICIT_RETAIN_SELF = YES;
				CLANG_WARN_OBJC_LITERAL_CONVERSION = YES;
				CLANG_WARN_OBJC_ROOT_CLASS = YES_ERROR;
				CLANG_WARN_RANGE_LOOP_ANALYSIS = YES;
				CLANG_WARN_STRICT_PROTOTYPES = YES;
				CLANG_WARN_SUSPICIOUS_MOVE = YES;
				CLANG_WARN_UNGUARDED_AVAILABILITY = YES_AGGRESSIVE;
				CLANG_WARN_UNREACHABLE_CODE = YES;
				CLANG_WARN__DUPLICATE_METHOD_MATCH = YES;
				COPY_PHASE_STRIP = NO;
				DEBUG_INFORMATION_FORMAT = dwarf;
				ENABLE_STRICT_OBJC_MSGSEND = YES;
				ENABLE_TESTABILITY = YES;
				GCC_C_LANGUAGE_STANDARD = gnu11;
				GCC_DYNAMIC_NO_PIC = NO;
				GCC_NO_COMMON_BLOCKS = YES;
				GCC_OPTIMIZATION_LEVEL = 0;
				GCC_PREPROCESSOR_DEFINITIONS = (
					"DEBUG=1",
					"$(inherited)",
				);
				GCC_WARN_64_TO_32_BIT_CONVERSION = YES;
				GCC_WARN_ABOUT_RETURN_TYPE = YES_ERROR;
				GCC_WARN_UNDECLARED_SELECTOR = YES;
				GCC_WARN_UNINITIALIZED_AUTOS = YES_AGGRESSIVE;
				GCC_WARN_UNUSED_FUNCTION = YES;
				GCC_WARN_UNUSED_VARIABLE = YES;
				IPHONEOS_DEPLOYMENT_TARGET = 13.1;
				MTL_ENABLE_DEBUG_INFO = INCLUDE_SOURCE;
				MTL_FAST_MATH = YES;
				ONLY_ACTIVE_ARCH = YES;
				SDKROOT = iphoneos;
				SWIFT_ACTIVE_COMPILATION_CONDITIONS = DEBUG;
				SWIFT_OPTIMIZATION_LEVEL = "-Onone";
			};
			name = Debug;
		};
		5782A4B1239B858600B1EB20 /* Release */ = {
			isa = XCBuildConfiguration;
			buildSettings = {
				ALWAYS_SEARCH_USER_PATHS = NO;
				CLANG_ANALYZER_NONNULL = YES;
				CLANG_ANALYZER_NUMBER_OBJECT_CONVERSION = YES_AGGRESSIVE;
				CLANG_CXX_LANGUAGE_STANDARD = "gnu++14";
				CLANG_CXX_LIBRARY = "libc++";
				CLANG_ENABLE_MODULES = YES;
				CLANG_ENABLE_OBJC_ARC = YES;
				CLANG_ENABLE_OBJC_WEAK = YES;
				CLANG_WARN_BLOCK_CAPTURE_AUTORELEASING = YES;
				CLANG_WARN_BOOL_CONVERSION = YES;
				CLANG_WARN_COMMA = YES;
				CLANG_WARN_CONSTANT_CONVERSION = YES;
				CLANG_WARN_DEPRECATED_OBJC_IMPLEMENTATIONS = YES;
				CLANG_WARN_DIRECT_OBJC_ISA_USAGE = YES_ERROR;
				CLANG_WARN_DOCUMENTATION_COMMENTS = YES;
				CLANG_WARN_EMPTY_BODY = YES;
				CLANG_WARN_ENUM_CONVERSION = YES;
				CLANG_WARN_INFINITE_RECURSION = YES;
				CLANG_WARN_INT_CONVERSION = YES;
				CLANG_WARN_NON_LITERAL_NULL_CONVERSION = YES;
				CLANG_WARN_OBJC_IMPLICIT_RETAIN_SELF = YES;
				CLANG_WARN_OBJC_LITERAL_CONVERSION = YES;
				CLANG_WARN_OBJC_ROOT_CLASS = YES_ERROR;
				CLANG_WARN_RANGE_LOOP_ANALYSIS = YES;
				CLANG_WARN_STRICT_PROTOTYPES = YES;
				CLANG_WARN_SUSPICIOUS_MOVE = YES;
				CLANG_WARN_UNGUARDED_AVAILABILITY = YES_AGGRESSIVE;
				CLANG_WARN_UNREACHABLE_CODE = YES;
				CLANG_WARN__DUPLICATE_METHOD_MATCH = YES;
				COPY_PHASE_STRIP = NO;
				DEBUG_INFORMATION_FORMAT = "dwarf-with-dsym";
				ENABLE_NS_ASSERTIONS = NO;
				ENABLE_STRICT_OBJC_MSGSEND = YES;
				GCC_C_LANGUAGE_STANDARD = gnu11;
				GCC_NO_COMMON_BLOCKS = YES;
				GCC_WARN_64_TO_32_BIT_CONVERSION = YES;
				GCC_WARN_ABOUT_RETURN_TYPE = YES_ERROR;
				GCC_WARN_UNDECLARED_SELECTOR = YES;
				GCC_WARN_UNINITIALIZED_AUTOS = YES_AGGRESSIVE;
				GCC_WARN_UNUSED_FUNCTION = YES;
				GCC_WARN_UNUSED_VARIABLE = YES;
				IPHONEOS_DEPLOYMENT_TARGET = 13.1;
				MTL_ENABLE_DEBUG_INFO = NO;
				MTL_FAST_MATH = YES;
				SDKROOT = iphoneos;
				SWIFT_COMPILATION_MODE = wholemodule;
				SWIFT_OPTIMIZATION_LEVEL = "-O";
				VALIDATE_PRODUCT = YES;
			};
			name = Release;
		};
		5782A4B3239B858600B1EB20 /* Debug */ = {
			isa = XCBuildConfiguration;
			baseConfigurationReference = 81089B147DDDCE121D83392B /* Pods-KODE.debug.xcconfig */;
			buildSettings = {
				ASSETCATALOG_COMPILER_APPICON_NAME = AppIcon;
				CODE_SIGN_STYLE = Automatic;
				DEVELOPMENT_TEAM = N28UYC6RTZ;
				INFOPLIST_FILE = KODE/Base/Info.plist;
				IPHONEOS_DEPLOYMENT_TARGET = 11.0;
				LD_RUNPATH_SEARCH_PATHS = (
					"$(inherited)",
					"@executable_path/Frameworks",
				);
				PRODUCT_BUNDLE_IDENTIFIER = vsemenov.KODE;
				PRODUCT_NAME = "$(TARGET_NAME)";
				SWIFT_VERSION = 5.0;
				TARGETED_DEVICE_FAMILY = "1,2";
			};
			name = Debug;
		};
		5782A4B4239B858600B1EB20 /* Release */ = {
			isa = XCBuildConfiguration;
			baseConfigurationReference = 5F8383DE7CFE93E354947AAE /* Pods-KODE.release.xcconfig */;
			buildSettings = {
				ASSETCATALOG_COMPILER_APPICON_NAME = AppIcon;
				CODE_SIGN_STYLE = Automatic;
				DEVELOPMENT_TEAM = N28UYC6RTZ;
				INFOPLIST_FILE = KODE/Base/Info.plist;
				IPHONEOS_DEPLOYMENT_TARGET = 11.0;
				LD_RUNPATH_SEARCH_PATHS = (
					"$(inherited)",
					"@executable_path/Frameworks",
				);
				PRODUCT_BUNDLE_IDENTIFIER = vsemenov.KODE;
				PRODUCT_NAME = "$(TARGET_NAME)";
				SWIFT_VERSION = 5.0;
				TARGETED_DEVICE_FAMILY = "1,2";
			};
			name = Release;
		};
		5782A4B6239B858600B1EB20 /* Debug */ = {
			isa = XCBuildConfiguration;
			baseConfigurationReference = D002122C6C5F1C39D1575446 /* Pods-KODETests.debug.xcconfig */;
			buildSettings = {
				ALWAYS_EMBED_SWIFT_STANDARD_LIBRARIES = YES;
				BUNDLE_LOADER = "$(TEST_HOST)";
				CODE_SIGN_STYLE = Automatic;
				DEVELOPMENT_TEAM = N28UYC6RTZ;
				INFOPLIST_FILE = KODETests/Info.plist;
				IPHONEOS_DEPLOYMENT_TARGET = 13.1;
				LD_RUNPATH_SEARCH_PATHS = (
					"$(inherited)",
					"@executable_path/Frameworks",
					"@loader_path/Frameworks",
				);
				PRODUCT_BUNDLE_IDENTIFIER = vsemenov.KODETests;
				PRODUCT_NAME = "$(TARGET_NAME)";
				SWIFT_VERSION = 5.0;
				TARGETED_DEVICE_FAMILY = "1,2";
				TEST_HOST = "$(BUILT_PRODUCTS_DIR)/KODE.app/KODE";
			};
			name = Debug;
		};
		5782A4B7239B858600B1EB20 /* Release */ = {
			isa = XCBuildConfiguration;
			baseConfigurationReference = 3E33BFE4F4B0E243A56BB6FE /* Pods-KODETests.release.xcconfig */;
			buildSettings = {
				ALWAYS_EMBED_SWIFT_STANDARD_LIBRARIES = YES;
				BUNDLE_LOADER = "$(TEST_HOST)";
				CODE_SIGN_STYLE = Automatic;
				DEVELOPMENT_TEAM = N28UYC6RTZ;
				INFOPLIST_FILE = KODETests/Info.plist;
				IPHONEOS_DEPLOYMENT_TARGET = 13.1;
				LD_RUNPATH_SEARCH_PATHS = (
					"$(inherited)",
					"@executable_path/Frameworks",
					"@loader_path/Frameworks",
				);
				PRODUCT_BUNDLE_IDENTIFIER = vsemenov.KODETests;
				PRODUCT_NAME = "$(TARGET_NAME)";
				SWIFT_VERSION = 5.0;
				TARGETED_DEVICE_FAMILY = "1,2";
				TEST_HOST = "$(BUILT_PRODUCTS_DIR)/KODE.app/KODE";
			};
			name = Release;
		};
/* End XCBuildConfiguration section */

/* Begin XCConfigurationList section */
		5782A48E239B858300B1EB20 /* Build configuration list for PBXProject "KODE" */ = {
			isa = XCConfigurationList;
			buildConfigurations = (
				5782A4B0239B858600B1EB20 /* Debug */,
				5782A4B1239B858600B1EB20 /* Release */,
			);
			defaultConfigurationIsVisible = 0;
			defaultConfigurationName = Release;
		};
		5782A4B2239B858600B1EB20 /* Build configuration list for PBXNativeTarget "KODE" */ = {
			isa = XCConfigurationList;
			buildConfigurations = (
				5782A4B3239B858600B1EB20 /* Debug */,
				5782A4B4239B858600B1EB20 /* Release */,
			);
			defaultConfigurationIsVisible = 0;
			defaultConfigurationName = Release;
		};
		5782A4B5239B858600B1EB20 /* Build configuration list for PBXNativeTarget "KODETests" */ = {
			isa = XCConfigurationList;
			buildConfigurations = (
				5782A4B6239B858600B1EB20 /* Debug */,
				5782A4B7239B858600B1EB20 /* Release */,
			);
			defaultConfigurationIsVisible = 0;
			defaultConfigurationName = Release;
		};
/* End XCConfigurationList section */
	};
	rootObject = 5782A48B239B858300B1EB20 /* Project object */;
}
